# THIS IS AN AUTOGENERATED FILE. DO NOT EDIT THIS FILE DIRECTLY.
# yarn lockfile v1


"@bower_components/Leaflet.Coordinates@MrMufflon/Leaflet.Coordinates#^0.1.5":
  version "0.1.5"
  resolved "https://codeload.github.com/MrMufflon/Leaflet.Coordinates/tar.gz/062f7596a0304cc3676e38d172dbd4b682fd9e4b"

"@bower_components/angular-animate@angular/bower-angular-animate#1.5.6":
  version "1.5.6"
  resolved "https://codeload.github.com/angular/bower-angular-animate/tar.gz/99ab9c6c6888231eb79a7f6095c370fda1bf3345"

"@bower_components/angular@angular/bower-angular#1.5.6":
  version "1.5.6"
  resolved "https://codeload.github.com/angular/bower-angular/tar.gz/87fbd43f0f4a4d5cbacd284dd89f2291a98805dc"

"@bower_components/angularjs-slider@rzajac/angularjs-slider#^5.4.1":
  version "5.9.0"
  resolved "https://codeload.github.com/rzajac/angularjs-slider/tar.gz/e15e219bff9f7f73265c1324ed85e342a45ff993"

"@bower_components/clipboard@zenorocha/clipboard.js#^1.6.1":
  version "1.7.1"
  resolved "https://codeload.github.com/zenorocha/clipboard.js/tar.gz/b6e6b80ab07eab03ce0d277515b3ed540773a330"
  dependencies:
    good-listener "^1.2.2"
    select "^1.1.2"
    tiny-emitter "^2.0.0"

"@bower_components/desandro-matches-selector@desandro/matches-selector#^2.0.0":
  version "2.0.2"
  resolved "https://codeload.github.com/desandro/matches-selector/tar.gz/42ee1cbab7469454d140bdab04d2ceed9c68b85e"

"@bower_components/ev-emitter@metafizzy/ev-emitter#^1.0.0":
  version "1.1.1"
  resolved "https://codeload.github.com/metafizzy/ev-emitter/tar.gz/1baa3a03d8e07f665b0eb797661fcc2b0d2a5736"

"@bower_components/fizzy-ui-utils@metafizzy/fizzy-ui-utils#^2.0.4":
  version "2.0.7"
  resolved "https://codeload.github.com/metafizzy/fizzy-ui-utils/tar.gz/72feb9fc3d6de25696291941121bb3ec2db8221e"
  dependencies:
    desandro-matches-selector "^2.0.0"

"@bower_components/get-size@desandro/get-size#^2.0.0":
  version "2.0.3"
  resolved "https://codeload.github.com/desandro/get-size/tar.gz/6879e7f15b4b6e19ca392b6955edfa8d4aa6f787"

"@bower_components/isotope-layout@metafizzy/isotope#^3.0.6":
  version "3.0.6"
  resolved "https://codeload.github.com/metafizzy/isotope/tar.gz/ad008079ec0bc6387d2781b98cfd5c80a9fc0b40"
  dependencies:
    desandro-matches-selector "^2.0.0"
    fizzy-ui-utils "^2.0.4"
    get-size "^2.0.0"
    masonry-layout "^4.1.0"
    outlayer "^2.1.0"

"@bower_components/jquery-validation@jzaefferer/jquery-validation#^1.19.3":
  version "1.21.0"
  resolved "https://codeload.github.com/jzaefferer/jquery-validation/tar.gz/b4f8d54633adb224457790d2bd48673d0cd984b4"

"@bower_components/jquery.nicescroll@inuyaksa/jquery.nicescroll#^3.6.8":
  version "3.7.6"
  resolved "https://codeload.github.com/inuyaksa/jquery.nicescroll/tar.gz/54d164e97ac6e3b874481a30a5f816d8ff616233"
  dependencies:
    jquery ">=1.8.3"

"@bower_components/jquery@jquery/jquery-dist#>=1.7":
  version "3.7.1"
  resolved "https://codeload.github.com/jquery/jquery-dist/tar.gz/fde1f76e2799dd877c176abde0ec836553246991"

"@bower_components/leaflet-dist@vperron/leaflet-dist#0.7.x":
  version "0.0.0"
  resolved "https://codeload.github.com/vperron/leaflet-dist/tar.gz/2ec7a0846eaecdce1321d92b3c45c74f4fd08dd3"

"@bower_components/leaflet-draw@Leaflet/Leaflet.draw#0.3.1":
  version "0.3.1"
  resolved "https://codeload.github.com/Leaflet/Leaflet.draw/tar.gz/fb8c2ddba037581df2cab2806dea8226fcda01b4"

"@bower_components/leaflet.markercluster@Leaflet/Leaflet.markercluster#leaflet-0.7":
  version "0.5.0"
  resolved "https://codeload.github.com/Leaflet/Leaflet.markercluster/tar.gz/232e93ccbe5b70241913f47a4d1a8ceec8c88c30"
  dependencies:
    leaflet "~0.7.1"

"@bower_components/leaflet@Leaflet/Leaflet#^0.7.7":
  version "0.7.7"
  resolved "https://codeload.github.com/Leaflet/Leaflet/tar.gz/197f9d43b7bbc73c0492bf62cd666a5a98038098"

"@bower_components/masonry-layout@desandro/masonry#^4.1.0":
  version "4.2.2"
  resolved "https://codeload.github.com/desandro/masonry/tar.gz/3b0883cf4a4a046896719b9cf282ea74be7ffecd"
  dependencies:
    get-size "^2.0.2"
    outlayer "^2.1.0"

"@bower_components/moment@moment/moment#^2.15.1":
  version "2.30.1"
  resolved "https://codeload.github.com/moment/moment/tar.gz/485d9a7d709bd5f3869a7ad24630cf0746d072dc"

"@bower_components/outlayer@metafizzy/outlayer#^2.1.0":
  version "2.1.1"
  resolved "https://codeload.github.com/metafizzy/outlayer/tar.gz/bf31c5748bf84fcc2c553d1199a6ecaf0ebd9878"
  dependencies:
    ev-emitter "^1.0.0"
    fizzy-ui-utils "^2.0.0"
    get-size "^2.0.2"

"@bower_components/raty@wbotelhos/raty#^2.7.1":
  version "2.9.0"
  resolved "https://codeload.github.com/wbotelhos/raty/tar.gz/67873230fe1fc57efbc5b4fb3e43a36a1d5c3b95"
  dependencies:
    jquery "^3.3.1"

"@bower_components/typeahead.js@twitter/typeahead.js#^0.11.1":
  version "0.11.1"
  resolved "https://codeload.github.com/twitter/typeahead.js/tar.gz/588440f66559714280628a4f9799f0c4eb880a4a"
  dependencies:
    jquery ">=1.7"

"@bower_components/v-accordion@LukaszWatroba/v-accordion#^1.6.0":
  version "1.6.0"
  resolved "https://codeload.github.com/LukaszWatroba/v-accordion/tar.gz/8e2d7041975d80c09a069f6b06fdbaaf98e000d2"

"@bower_components/validate@ansman/validate.js#^0.10.0":
  version "0.10.0"
  resolved "https://codeload.github.com/ansman/validate.js/tar.gz/f44c89bff8200304c636e8f739253f268c289732"

delegate@^3.1.2:
  version "3.2.0"
  resolved "https://registry.yarnpkg.com/delegate/-/delegate-3.2.0.tgz#b66b71c3158522e8ab5744f720d8ca0c2af59166"
  integrity sha512-IofjkYBZaZivn0V8nnsMJGBr4jVLxHDheKSW88PyxS5QC4Vo9ZbZVvhzlSxY87fVq3STR6r+4cGepyHkcWOQSw==

desandro-matches-selector@^2.0.0:
  version "2.0.2"
  resolved "https://registry.yarnpkg.com/desandro-matches-selector/-/desandro-matches-selector-2.0.2.tgz#717beed4dc13e7d8f3762f707a6d58a6774218e1"
  integrity sha512-+1q0nXhdzg1IpIJdMKalUwvvskeKnYyEe3shPRwedNcWtnhEKT3ZxvFjzywHDeGcKViIxTCAoOYQWP1qD7VNyg==

ev-emitter@^1.0.0:
  version "1.1.1"
  resolved "https://registry.yarnpkg.com/ev-emitter/-/ev-emitter-1.1.1.tgz#8f18b0ce5c76a5d18017f71c0a795c65b9138f2a"
  integrity sha512-ipiDYhdQSCZ4hSbX4rMW+XzNKMD1prg/sTvoVmSLkuQ1MVlwjJQQA+sW8tMYR3BLUr9KjodFV4pvzunvRhd33Q==

fizzy-ui-utils@^2.0.0, fizzy-ui-utils@^2.0.4:
  version "2.0.7"
  resolved "https://registry.yarnpkg.com/fizzy-ui-utils/-/fizzy-ui-utils-2.0.7.tgz#7df45dcc4eb374a08b65d39bb9a4beedf7330505"
  integrity sha512-CZXDVXQ1If3/r8s0T+v+qVeMshhfcuq0rqIFgJnrtd+Bu8GmDmqMjntjUePypVtjHXKJ6V4sw9zeyox34n9aCg==
  dependencies:
    desandro-matches-selector "^2.0.0"

get-size@^2.0.0, get-size@^2.0.2:
  version "2.0.3"
  resolved "https://registry.yarnpkg.com/get-size/-/get-size-2.0.3.tgz#54a1d0256b20ea7ac646516756202769941ad2ef"
  integrity sha512-lXNzT/h/dTjTxRbm9BXb+SGxxzkm97h/PCIKtlN/CBCxxmkkIVV21udumMS93MuVTDX583gqc94v3RjuHmI+2Q==

good-listener@^1.2.2:
  version "1.2.2"
  resolved "https://registry.yarnpkg.com/good-listener/-/good-listener-1.2.2.tgz#d53b30cdf9313dffb7dc9a0d477096aa6d145c50"
  integrity sha512-goW1b+d9q/HIwbVYZzZ6SsTr4IgE+WA44A0GmPIQstuOrgsFcT7VEJ48nmr9GaRtNu0XTKacFLGnBPAM6Afouw==
  dependencies:
    delegate "^3.1.2"

jquery@>=1.7, jquery@>=1.8.3, jquery@^3.3.1:
  version "3.7.1"
  resolved "https://registry.yarnpkg.com/jquery/-/jquery-3.7.1.tgz#083ef98927c9a6a74d05a6af02806566d16274de"
  integrity sha512-m4avr8yL8kmFN8psrbFFFmB/If14iN5o9nw/NgnnM+kybDJpRsAynV2BsfpTYrTRysYUdADVD7CkUUizgkpLfg==

leaflet@~0.7.1:
  version "0.7.7"
  resolved "https://registry.yarnpkg.com/leaflet/-/leaflet-0.7.7.tgz#1e352ba54e63d076451fa363c900890cb2cf75ee"
  integrity sha512-H1lR7J5VxhvQJQHlW2UywtxO63zilLrnwVsDvjKeyfntffj63Ml94gCk9YPYWBkiQgxisdiA8aJ30Zoou4VhEA==

masonry-layout@^4.1.0:
  version "4.2.2"
  resolved "https://registry.yarnpkg.com/masonry-layout/-/masonry-layout-4.2.2.tgz#d57b44af13e601bfcdc423f1dd8348b5524de348"
  integrity sha512-iGtAlrpHNyxaR19CvKC3npnEcAwszXoyJiI8ARV2ePi7fmYhIud25MHK8Zx4P0LCC4d3TNO9+rFa1KoK1OEOaA==
  dependencies:
    get-size "^2.0.2"
    outlayer "^2.1.0"

outlayer@^2.1.0:
  version "2.1.1"
  resolved "https://registry.yarnpkg.com/outlayer/-/outlayer-2.1.1.tgz#29863b6de10ea5dadfffcadfa0d728907387e9a2"
  integrity sha512-+GplXsCQ3VrbGujAeHEzP9SXsBmJxzn/YdDSQZL0xqBmAWBmortu2Y9Gwdp9J0bgDQ8/YNIPMoBM13nTwZfAhw==
  dependencies:
    ev-emitter "^1.0.0"
    fizzy-ui-utils "^2.0.0"
    get-size "^2.0.2"

select@^1.1.2:
  version "1.1.2"
  resolved "https://registry.yarnpkg.com/select/-/select-1.1.2.tgz#0e7350acdec80b1108528786ec1d4418d11b396d"
  integrity sha512-OwpTSOfy6xSs1+pwcNrv0RBMOzI39Lp3qQKUTPVVPRjCdNa5JH/oPRiqsesIskK8TVgmRiHwO4KXlV2Li9dANA==

tiny-emitter@^2.0.0:
  version "2.1.0"
  resolved "https://registry.yarnpkg.com/tiny-emitter/-/tiny-emitter-2.1.0.tgz#1d1a56edfc51c43e863cbb5382a72330e3555423"
  integrity sha512-NB6Dk1A9xgQPMoGqC5CVXn123gWyte215ONT5Pp5a0yt4nlEoO1ZWeCwpncaekPHXO60i47ihFnZPiRPjRMq4Q==
